// !$*UTF8*$!
{
	archiveVersion = 1;
	classes = {
	};
	objectVersion = 77;
	objects = {

/* Begin PBXBuildFile section */
		AB530C122EB3CCC400D195BF /* Factory in Frameworks */ = {isa = PBXBuildFile; productRef = AB530C112EB3CCC400D195BF /* Factory */; };
		AB530C1B2EB3D72000D195BF /* FactoryKit in Frameworks */ = {isa = PBXBuildFile; productRef = AB530C1A2EB3D72000D195BF /* FactoryKit */; };
/* End PBXBuildFile section */

/* Begin PBXContainerItemProxy section */
		AB530BEE2EB3C6D200D195BF /* PBXContainerItemProxy */ = {
			isa = PBXContainerItemProxy;
			containerPortal = AB530BD82EB3C6D000D195BF /* Project object */;
			proxyType = 1;
			remoteGlobalIDString = AB530BDF2EB3C6D000D195BF;
			remoteInfo = Gofer;
		};
		AB530BF82EB3C6D200D195BF /* PBXContainerItemProxy */ = {
			isa = PBXContainerItemProxy;
			containerPortal = AB530BD82EB3C6D000D195BF /* Project object */;
			proxyType = 1;
			remoteGlobalIDString = AB530BDF2EB3C6D000D195BF;
			remoteInfo = Gofer;
		};
/* End PBXContainerItemProxy section */

/* Begin PBXFileReference section */
		AB530BE02EB3C6D000D195BF /* Gofer.app */ = {isa = PBXFileReference; explicitFileType = wrapper.application; includeInIndex = 0; path = Gofer.app; sourceTree = BUILT_PRODUCTS_DIR; };
		AB530BED2EB3C6D200D195BF /* GoferTests.xctest */ = {isa = PBXFileReference; explicitFileType = wrapper.cfbundle; includeInIndex = 0; path = GoferTests.xctest; sourceTree = BUILT_PRODUCTS_DIR; };
		AB530BF72EB3C6D200D195BF /* GoferUITests.xctest */ = {isa = PBXFileReference; explicitFileType = wrapper.cfbundle; includeInIndex = 0; path = GoferUITests.xctest; sourceTree = BUILT_PRODUCTS_DIR; };
/* End PBXFileReference section */

/* Begin PBXFileSystemSynchronizedBuildFileExceptionSet section */
		AB530D632EB7C55A00D195BF /* Exceptions for "Gofer" folder in "Gofer" target */ = {
			isa = PBXFileSystemSynchronizedBuildFileExceptionSet;
			membershipExceptions = (
				Info.plist,
			);
			target = AB530BDF2EB3C6D000D195BF /* Gofer */;
		};
/* End PBXFileSystemSynchronizedBuildFileExceptionSet section */

/* Begin PBXFileSystemSynchronizedRootGroup section */
		AB530BE22EB3C6D000D195BF /* Gofer */ = {
			isa = PBXFileSystemSynchronizedRootGroup;
			exceptions = (
				AB530D632EB7C55A00D195BF /* Exceptions for "Gofer" folder in "Gofer" target */,
			);
			path = Gofer;
			sourceTree = "<group>";
		};
		AB530BF02EB3C6D200D195BF /* GoferTests */ = {
			isa = PBXFileSystemSynchronizedRootGroup;
			path = GoferTests;
			sourceTree = "<group>";
		};
		AB530BFA2EB3C6D200D195BF /* GoferUITests */ = {
			isa = PBXFileSystemSynchronizedRootGroup;
			path = GoferUITests;
			sourceTree = "<group>";
		};
/* End PBXFileSystemSynchronizedRootGroup section */

/* Begin PBXFrameworksBuildPhase section */
		AB530BDD2EB3C6D000D195BF /* Frameworks */ = {
			isa = PBXFrameworksBuildPhase;
			buildActionMask = 2147483647;
			files = (
				AB530C1B2EB3D72000D195BF /* FactoryKit in Frameworks */,
				AB530C122EB3CCC400D195BF /* Factory in Frameworks */,
			);
			runOnlyForDeploymentPostprocessing = 0;
		};
		AB530BEA2EB3C6D200D195BF /* Frameworks */ = {
			isa = PBXFrameworksBuildPhase;
			buildActionMask = 2147483647;
			files = (
			);
			runOnlyForDeploymentPostprocessing = 0;
		};
		AB530BF42EB3C6D200D195BF /* Frameworks */ = {
			isa = PBXFrameworksBuildPhase;
			buildActionMask = 2147483647;
			files = (
			);
			runOnlyForDeploymentPostprocessing = 0;
		};
/* End PBXFrameworksBuildPhase section */

/* Begin PBXGroup section */
		AB530BD72EB3C6D000D195BF = {
			isa = PBXGroup;
			children = (
				AB530BE22EB3C6D000D195BF /* Gofer */,
				AB530BF02EB3C6D200D195BF /* GoferTests */,
				AB530BFA2EB3C6D200D195BF /* GoferUITests */,
				AB530C192EB3D72000D195BF /* Frameworks */,
				AB530BE12EB3C6D000D195BF /* Products */,
			);
			sourceTree = "<group>";
		};
		AB530BE12EB3C6D000D195BF /* Products */ = {
			isa = PBXGroup;
			children = (
				AB530BE02EB3C6D000D195BF /* Gofer.app */,
				AB530BED2EB3C6D200D195BF /* GoferTests.xctest */,
				AB530BF72EB3C6D200D195BF /* GoferUITests.xctest */,
			);
			name = Products;
			sourceTree = "<group>";
		};
		AB530C192EB3D72000D195BF /* Frameworks */ = {
			isa = PBXGroup;
			children = (
			);
			name = Frameworks;
			sourceTree = "<group>";
		};
/* End PBXGroup section */

/* Begin PBXNativeTarget section */
		AB530BDF2EB3C6D000D195BF /* Gofer */ = {
			isa = PBXNativeTarget;
			buildConfigurationList = AB530C012EB3C6D200D195BF /* Build configuration list for PBXNativeTarget "Gofer" */;
			buildPhases = (
				AB530BDC2EB3C6D000D195BF /* Sources */,
				AB530BDD2EB3C6D000D195BF /* Frameworks */,
				AB530BDE2EB3C6D000D195BF /* Resources */,
			);
			buildRules = (
			);
			dependencies = (
			);
			fileSystemSynchronizedGroups = (
				AB530BE22EB3C6D000D195BF /* Gofer */,
			);
			name = Gofer;
			packageProductDependencies = (
				AB530C112EB3CCC400D195BF /* Factory */,
				AB530C1A2EB3D72000D195BF /* FactoryKit */,
			);
			productName = Gofer;
			productReference = AB530BE02EB3C6D000D195BF /* Gofer.app */;
			productType = "com.apple.product-type.application";
		};
		AB530BEC2EB3C6D200D195BF /* GoferTests */ = {
			isa = PBXNativeTarget;
			buildConfigurationList = AB530C042EB3C6D200D195BF /* Build configuration list for PBXNativeTarget "GoferTests" */;
			buildPhases = (
				AB530BE92EB3C6D200D195BF /* Sources */,
				AB530BEA2EB3C6D200D195BF /* Frameworks */,
				AB530BEB2EB3C6D200D195BF /* Resources */,
			);
			buildRules = (
			);
			dependencies = (
				AB530BEF2EB3C6D200D195BF /* PBXTargetDependency */,
			);
			fileSystemSynchronizedGroups = (
				AB530BF02EB3C6D200D195BF /* GoferTests */,
			);
			name = GoferTests;
			packageProductDependencies = (
			);
			productName = GoferTests;
			productReference = AB530BED2EB3C6D200D195BF /* GoferTests.xctest */;
			productType = "com.apple.product-type.bundle.unit-test";
		};
		AB530BF62EB3C6D200D195BF /* GoferUITests */ = {
			isa = PBXNativeTarget;
			buildConfigurationList = AB530C072EB3C6D200D195BF /* Build configuration list for PBXNativeTarget "GoferUITests" */;
			buildPhases = (
				AB530BF32EB3C6D200D195BF /* Sources */,
				AB530BF42EB3C6D200D195BF /* Frameworks */,
				AB530BF52EB3C6D200D195BF /* Resources */,
			);
			buildRules = (
			);
			dependencies = (
				AB530BF92EB3C6D200D195BF /* PBXTargetDependency */,
			);
			fileSystemSynchronizedGroups = (
				AB530BFA2EB3C6D200D195BF /* GoferUITests */,
			);
			name = GoferUITests;
			packageProductDependencies = (
			);
			productName = GoferUITests;
			productReference = AB530BF72EB3C6D200D195BF /* GoferUITests.xctest */;
			productType = "com.apple.product-type.bundle.ui-testing";
		};
/* End PBXNativeTarget section */

/* Begin PBXProject section */
		AB530BD82EB3C6D000D195BF /* Project object */ = {
			isa = PBXProject;
			attributes = {
				BuildIndependentTargetsInParallel = 1;
				LastSwiftUpdateCheck = 2600;
				LastUpgradeCheck = 2600;
				TargetAttributes = {
					AB530BDF2EB3C6D000D195BF = {
						CreatedOnToolsVersion = 26.0.1;
					};
					AB530BEC2EB3C6D200D195BF = {
						CreatedOnToolsVersion = 26.0.1;
						TestTargetID = AB530BDF2EB3C6D000D195BF;
					};
					AB530BF62EB3C6D200D195BF = {
						CreatedOnToolsVersion = 26.0.1;
						TestTargetID = AB530BDF2EB3C6D000D195BF;
					};
				};
			};
			buildConfigurationList = AB530BDB2EB3C6D000D195BF /* Build configuration list for PBXProject "Gofer" */;
			developmentRegion = en;
			hasScannedForEncodings = 0;
			knownRegions = (
				en,
				Base,
			);
			mainGroup = AB530BD72EB3C6D000D195BF;
			minimizedProjectReferenceProxies = 1;
			packageReferences = (
				AB530C102EB3CCC400D195BF /* XCRemoteSwiftPackageReference "Factory" */,
			);
			preferredProjectObjectVersion = 77;
			productRefGroup = AB530BE12EB3C6D000D195BF /* Products */;
			projectDirPath = "";
			projectRoot = "";
			targets = (
				AB530BDF2EB3C6D000D195BF /* Gofer */,
				AB530BEC2EB3C6D200D195BF /* GoferTests */,
				AB530BF62EB3C6D200D195BF /* GoferUITests */,
			);
		};
/* End PBXProject section */

/* Begin PBXResourcesBuildPhase section */
		AB530BDE2EB3C6D000D195BF /* Resources */ = {
			isa = PBXResourcesBuildPhase;
			buildActionMask = 2147483647;
			files = (
			);
			runOnlyForDeploymentPostprocessing = 0;
		};
		AB530BEB2EB3C6D200D195BF /* Resources */ = {
			isa = PBXResourcesBuildPhase;
			buildActionMask = 2147483647;
			files = (
			);
			runOnlyForDeploymentPostprocessing = 0;
		};
		AB530BF52EB3C6D200D195BF /* Resources */ = {
			isa = PBXResourcesBuildPhase;
			buildActionMask = 2147483647;
			files = (
			);
			runOnlyForDeploymentPostprocessing = 0;
		};
/* End PBXResourcesBuildPhase section */

/* Begin PBXSourcesBuildPhase section */
		AB530BDC2EB3C6D000D195BF /* Sources */ = {
			isa = PBXSourcesBuildPhase;
			buildActionMask = 2147483647;
			files = (
			);
			runOnlyForDeploymentPostprocessing = 0;
		};
		AB530BE92EB3C6D200D195BF /* Sources */ = {
			isa = PBXSourcesBuildPhase;
			buildActionMask = 2147483647;
			files = (
			);
			runOnlyForDeploymentPostprocessing = 0;
		};
		AB530BF32EB3C6D200D195BF /* Sources */ = {
			isa = PBXSourcesBuildPhase;
			buildActionMask = 2147483647;
			files = (
			);
			runOnlyForDeploymentPostprocessing = 0;
		};
/* End PBXSourcesBuildPhase section */

/* Begin PBXTargetDependency section */
		AB530BEF2EB3C6D200D195BF /* PBXTargetDependency */ = {
			isa = PBXTargetDependency;
			target = AB530BDF2EB3C6D000D195BF /* Gofer */;
			targetProxy = AB530BEE2EB3C6D200D195BF /* PBXContainerItemProxy */;
		};
		AB530BF92EB3C6D200D195BF /* PBXTargetDependency */ = {
			isa = PBXTargetDependency;
			target = AB530BDF2EB3C6D000D195BF /* Gofer */;
			targetProxy = AB530BF82EB3C6D200D195BF /* PBXContainerItemProxy */;
		};
/* End PBXTargetDependency section */

/* Begin XCBuildConfiguration section */
		AB530BFF2EB3C6D200D195BF /* Debug */ = {
			isa = XCBuildConfiguration;
			buildSettings = {
				ALWAYS_SEARCH_USER_PATHS = NO;
				ASSETCATALOG_COMPILER_GENERATE_SWIFT_ASSET_SYMBOL_EXTENSIONS = YES;
				CLANG_ANALYZER_NONNULL = YES;
				CLANG_ANALYZER_NUMBER_OBJECT_CONVERSION = YES_AGGRESSIVE;
				CLANG_CXX_LANGUAGE_STANDARD = "gnu++20";
				CLANG_ENABLE_MODULES = YES;
				CLANG_ENABLE_OBJC_ARC = YES;
				CLANG_ENABLE_OBJC_WEAK = YES;
				CLANG_WARN_BLOCK_CAPTURE_AUTORELEASING = YES;
				CLANG_WARN_BOOL_CONVERSION = YES;
				CLANG_WARN_COMMA = YES;
				CLANG_WARN_CONSTANT_CONVERSION = YES;
				CLANG_WARN_DEPRECATED_OBJC_IMPLEMENTATIONS = YES;
				CLANG_WARN_DIRECT_OBJC_ISA_USAGE = YES_ERROR;
				CLANG_WARN_DOCUMENTATION_COMMENTS = YES;
				CLANG_WARN_EMPTY_BODY = YES;
				CLANG_WARN_ENUM_CONVERSION = YES;
				CLANG_WARN_INFINITE_RECURSION = YES;
				CLANG_WARN_INT_CONVERSION = YES;
				CLANG_WARN_NON_LITERAL_NULL_CONVERSION = YES;
				CLANG_WARN_OBJC_IMPLICIT_RETAIN_SELF = YES;
				CLANG_WARN_OBJC_LITERAL_CONVERSION = YES;
				CLANG_WARN_OBJC_ROOT_CLASS = YES_ERROR;
				CLANG_WARN_QUOTED_INCLUDE_IN_FRAMEWORK_HEADER = YES;
				CLANG_WARN_RANGE_LOOP_ANALYSIS = YES;
				CLANG_WARN_STRICT_PROTOTYPES = YES;
				CLANG_WARN_SUSPICIOUS_MOVE = YES;
				CLANG_WARN_UNGUARDED_AVAILABILITY = YES_AGGRESSIVE;
				CLANG_WARN_UNREACHABLE_CODE = YES;
				CLANG_WARN__DUPLICATE_METHOD_MATCH = YES;
				COPY_PHASE_STRIP = NO;
				DEBUG_INFORMATION_FORMAT = dwarf;
				ENABLE_STRICT_OBJC_MSGSEND = YES;
				ENABLE_TESTABILITY = YES;
				ENABLE_USER_SCRIPT_SANDBOXING = YES;
				GCC_C_LANGUAGE_STANDARD = gnu17;
				GCC_DYNAMIC_NO_PIC = NO;
				GCC_NO_COMMON_BLOCKS = YES;
				GCC_OPTIMIZATION_LEVEL = 0;
				GCC_PREPROCESSOR_DEFINITIONS = (
					"DEBUG=1",
					"$(inherited)",
				);
				GCC_WARN_64_TO_32_BIT_CONVERSION = YES;
				GCC_WARN_ABOUT_RETURN_TYPE = YES_ERROR;
				GCC_WARN_UNDECLARED_SELECTOR = YES;
				GCC_WARN_UNINITIALIZED_AUTOS = YES_AGGRESSIVE;
				GCC_WARN_UNUSED_FUNCTION = YES;
				GCC_WARN_UNUSED_VARIABLE = YES;
				IPHONEOS_DEPLOYMENT_TARGET = 26.0;
				LOCALIZATION_PREFERS_STRING_CATALOGS = YES;
				MTL_ENABLE_DEBUG_INFO = INCLUDE_SOURCE;
				MTL_FAST_MATH = YES;
				ONLY_ACTIVE_ARCH = YES;
				SDKROOT = iphoneos;
				SWIFT_ACTIVE_COMPILATION_CONDITIONS = "DEBUG $(inherited)";
				SWIFT_OPTIMIZATION_LEVEL = "-Onone";
			};
			name = Debug;
		};
		AB530C002EB3C6D200D195BF /* Release */ = {
			isa = XCBuildConfiguration;
			buildSettings = {
				ALWAYS_SEARCH_USER_PATHS = NO;
				ASSETCATALOG_COMPILER_GENERATE_SWIFT_ASSET_SYMBOL_EXTENSIONS = YES;
				CLANG_ANALYZER_NONNULL = YES;
				CLANG_ANALYZER_NUMBER_OBJECT_CONVERSION = YES_AGGRESSIVE;
				CLANG_CXX_LANGUAGE_STANDARD = "gnu++20";
				CLANG_ENABLE_MODULES = YES;
				CLANG_ENABLE_OBJC_ARC = YES;
				CLANG_ENABLE_OBJC_WEAK = YES;
				CLANG_WARN_BLOCK_CAPTURE_AUTORELEASING = YES;
				CLANG_WARN_BOOL_CONVERSION = YES;
				CLANG_WARN_COMMA = YES;
				CLANG_WARN_CONSTANT_CONVERSION = YES;
				CLANG_WARN_DEPRECATED_OBJC_IMPLEMENTATIONS = YES;
				CLANG_WARN_DIRECT_OBJC_ISA_USAGE = YES_ERROR;
				CLANG_WARN_DOCUMENTATION_COMMENTS = YES;
				CLANG_WARN_EMPTY_BODY = YES;
				CLANG_WARN_ENUM_CONVERSION = YES;
				CLANG_WARN_INFINITE_RECURSION = YES;
				CLANG_WARN_INT_CONVERSION = YES;
				CLANG_WARN_NON_LITERAL_NULL_CONVERSION = YES;
				CLANG_WARN_OBJC_IMPLICIT_RETAIN_SELF = YES;
				CLANG_WARN_OBJC_LITERAL_CONVERSION = YES;
				CLANG_WARN_OBJC_ROOT_CLASS = YES_ERROR;
				CLANG_WARN_QUOTED_INCLUDE_IN_FRAMEWORK_HEADER = YES;
				CLANG_WARN_RANGE_LOOP_ANALYSIS = YES;
				CLANG_WARN_STRICT_PROTOTYPES = YES;
				CLANG_WARN_SUSPICIOUS_MOVE = YES;
				CLANG_WARN_UNGUARDED_AVAILABILITY = YES_AGGRESSIVE;
				CLANG_WARN_UNREACHABLE_CODE = YES;
				CLANG_WARN__DUPLICATE_METHOD_MATCH = YES;
				COPY_PHASE_STRIP = NO;
				DEBUG_INFORMATION_FORMAT = "dwarf-with-dsym";
				ENABLE_NS_ASSERTIONS = NO;
				ENABLE_STRICT_OBJC_MSGSEND = YES;
				ENABLE_USER_SCRIPT_SANDBOXING = YES;
				GCC_C_LANGUAGE_STANDARD = gnu17;
				GCC_NO_COMMON_BLOCKS = YES;
				GCC_WARN_64_TO_32_BIT_CONVERSION = YES;
				GCC_WARN_ABOUT_RETURN_TYPE = YES_ERROR;
				GCC_WARN_UNDECLARED_SELECTOR = YES;
				GCC_WARN_UNINITIALIZED_AUTOS = YES_AGGRESSIVE;
				GCC_WARN_UNUSED_FUNCTION = YES;
				GCC_WARN_UNUSED_VARIABLE = YES;
				IPHONEOS_DEPLOYMENT_TARGET = 26.0;
				LOCALIZATION_PREFERS_STRING_CATALOGS = YES;
				MTL_ENABLE_DEBUG_INFO = NO;
				MTL_FAST_MATH = YES;
				SDKROOT = iphoneos;
				SWIFT_COMPILATION_MODE = wholemodule;
				VALIDATE_PRODUCT = YES;
			};
			name = Release;
		};
		AB530C022EB3C6D200D195BF /* Debug */ = {
			isa = XCBuildConfiguration;
			buildSettings = {
				ASSETCATALOG_COMPILER_APPICON_NAME = AppIcon;
				ASSETCATALOG_COMPILER_GLOBAL_ACCENT_COLOR_NAME = AccentColor;
				CODE_SIGN_STYLE = Automatic;
				CURRENT_PROJECT_VERSION = 1;
				ENABLE_PREVIEWS = YES;
				GENERATE_INFOPLIST_FILE = YES;
				INFOPLIST_FILE = Gofer/Info.plist;
				INFOPLIST_KEY_UIApplicationSceneManifest_Generation = YES;
				INFOPLIST_KEY_UIApplicationSupportsIndirectInputEvents = YES;
				INFOPLIST_KEY_UILaunchScreen_Generation = YES;
				INFOPLIST_KEY_UISupportedInterfaceOrientations_iPad = "UIInterfaceOrientationPortrait UIInterfaceOrientationPortraitUpsideDown UIInterfaceOrientationLandscapeLeft UIInterfaceOrientationLandscapeRight";
				INFOPLIST_KEY_UISupportedInterfaceOrientations_iPhone = "UIInterfaceOrientationPortrait UIInterfaceOrientationLandscapeLeft UIInterfaceOrientationLandscapeRight";
				LD_RUNPATH_SEARCH_PATHS = (
					"$(inherited)",
					"@executable_path/Frameworks",
				);
				MARKETING_VERSION = 1.0;
				PRODUCT_BUNDLE_IDENTIFIER = com.app.Gofer;
				PRODUCT_NAME = "$(TARGET_NAME)";
				STRING_CATALOG_GENERATE_SYMBOLS = YES;
				SWIFT_APPROACHABLE_CONCURRENCY = YES;
				SWIFT_DEFAULT_ACTOR_ISOLATION = MainActor;
				SWIFT_EMIT_LOC_STRINGS = YES;
				SWIFT_UPCOMING_FEATURE_MEMBER_IMPORT_VISIBILITY = YES;
				SWIFT_VERSION = 5.0;
				TARGETED_DEVICE_FAMILY = "1,2";
			};
			name = Debug;
		};
		AB530C032EB3C6D200D195BF /* Release */ = {
			isa = XCBuildConfiguration;
			buildSettings = {
				ASSETCATALOG_COMPILER_APPICON_NAME = AppIcon;
				ASSETCATALOG_COMPILER_GLOBAL_ACCENT_COLOR_NAME = AccentColor;
				CODE_SIGN_STYLE = Automatic;
				CURRENT_PROJECT_VERSION = 1;
				ENABLE_PREVIEWS = YES;
				GENERATE_INFOPLIST_FILE = YES;
				INFOPLIST_FILE = Gofer/Info.plist;
				INFOPLIST_KEY_UIApplicationSceneManifest_Generation = YES;
				INFOPLIST_KEY_UIApplicationSupportsIndirectInputEvents = YES;
				INFOPLIST_KEY_UILaunchScreen_Generation = YES;
				INFOPLIST_KEY_UISupportedInterfaceOrientations_iPad = "UIInterfaceOrientationPortrait UIInterfaceOrientationPortraitUpsideDown UIInterfaceOrientationLandscapeLeft UIInterfaceOrientationLandscapeRight";
				INFOPLIST_KEY_UISupportedInterfaceOrientations_iPhone = "UIInterfaceOrientationPortrait UIInterfaceOrientationLandscapeLeft UIInterfaceOrientationLandscapeRight";
				LD_RUNPATH_SEARCH_PATHS = (
					"$(inherited)",
					"@executable_path/Frameworks",
				);
				MARKETING_VERSION = 1.0;
				PRODUCT_BUNDLE_IDENTIFIER = com.app.Gofer;
				PRODUCT_NAME = "$(TARGET_NAME)";
				STRING_CATALOG_GENERATE_SYMBOLS = YES;
				SWIFT_APPROACHABLE_CONCURRENCY = YES;
				SWIFT_DEFAULT_ACTOR_ISOLATION = MainActor;
				SWIFT_EMIT_LOC_STRINGS = YES;
				SWIFT_UPCOMING_FEATURE_MEMBER_IMPORT_VISIBILITY = YES;
				SWIFT_VERSION = 5.0;
				TARGETED_DEVICE_FAMILY = "1,2";
			};
			name = Release;
		};
		AB530C052EB3C6D200D195BF /* Debug */ = {
			isa = XCBuildConfiguration;
			buildSettings = {
				BUNDLE_LOADER = "$(TEST_HOST)";
				CODE_SIGN_STYLE = Automatic;
				CURRENT_PROJECT_VERSION = 1;
				GENERATE_INFOPLIST_FILE = YES;
				IPHONEOS_DEPLOYMENT_TARGET = 26.0;
				MARKETING_VERSION = 1.0;
				PRODUCT_BUNDLE_IDENTIFIER = com.app.GoferTests;
				PRODUCT_NAME = "$(TARGET_NAME)";
				STRING_CATALOG_GENERATE_SYMBOLS = NO;
				SWIFT_APPROACHABLE_CONCURRENCY = YES;
				SWIFT_EMIT_LOC_STRINGS = NO;
				SWIFT_UPCOMING_FEATURE_MEMBER_IMPORT_VISIBILITY = YES;
				SWIFT_VERSION = 5.0;
				TARGETED_DEVICE_FAMILY = "1,2";
				TEST_HOST = "$(BUILT_PRODUCTS_DIR)/Gofer.app/$(BUNDLE_EXECUTABLE_FOLDER_PATH)/Gofer";
			};
			name = Debug;
		};
		AB530C062EB3C6D200D195BF /* Release */ = {
			isa = XCBuildConfiguration;
			buildSettings = {
				BUNDLE_LOADER = "$(TEST_HOST)";
				CODE_SIGN_STYLE = Automatic;
				CURRENT_PROJECT_VERSION = 1;
				GENERATE_INFOPLIST_FILE = YES;
				IPHONEOS_DEPLOYMENT_TARGET = 26.0;
				MARKETING_VERSION = 1.0;
				PRODUCT_BUNDLE_IDENTIFIER = com.app.GoferTests;
				PRODUCT_NAME = "$(TARGET_NAME)";
				STRING_CATALOG_GENERATE_SYMBOLS = NO;
				SWIFT_APPROACHABLE_CONCURRENCY = YES;
				SWIFT_EMIT_LOC_STRINGS = NO;
				SWIFT_UPCOMING_FEATURE_MEMBER_IMPORT_VISIBILITY = YES;
				SWIFT_VERSION = 5.0;
				TARGETED_DEVICE_FAMILY = "1,2";
				TEST_HOST = "$(BUILT_PRODUCTS_DIR)/Gofer.app/$(BUNDLE_EXECUTABLE_FOLDER_PATH)/Gofer";
			};
			name = Release;
		};
		AB530C082EB3C6D200D195BF /* Debug */ = {
			isa = XCBuildConfiguration;
			buildSettings = {
				CODE_SIGN_STYLE = Automatic;
				CURRENT_PROJECT_VERSION = 1;
				GENERATE_INFOPLIST_FILE = YES;
				MARKETING_VERSION = 1.0;
				PRODUCT_BUNDLE_IDENTIFIER = com.app.GoferUITests;
				PRODUCT_NAME = "$(TARGET_NAME)";
				STRING_CATALOG_GENERATE_SYMBOLS = NO;
				SWIFT_APPROACHABLE_CONCURRENCY = YES;
				SWIFT_EMIT_LOC_STRINGS = NO;
				SWIFT_UPCOMING_FEATURE_MEMBER_IMPORT_VISIBILITY = YES;
				SWIFT_VERSION = 5.0;
				TARGETED_DEVICE_FAMILY = "1,2";
				TEST_TARGET_NAME = Gofer;
			};
			name = Debug;
		};
		AB530C092EB3C6D200D195BF /* Release */ = {
			isa = XCBuildConfiguration;
			buildSettings = {
				CODE_SIGN_STYLE = Automatic;
				CURRENT_PROJECT_VERSION = 1;
				GENERATE_INFOPLIST_FILE = YES;
				MARKETING_VERSION = 1.0;
				PRODUCT_BUNDLE_IDENTIFIER = com.app.GoferUITests;
				PRODUCT_NAME = "$(TARGET_NAME)";
				STRING_CATALOG_GENERATE_SYMBOLS = NO;
				SWIFT_APPROACHABLE_CONCURRENCY = YES;
				SWIFT_EMIT_LOC_STRINGS = NO;
				SWIFT_UPCOMING_FEATURE_MEMBER_IMPORT_VISIBILITY = YES;
				SWIFT_VERSION = 5.0;
				TARGETED_DEVICE_FAMILY = "1,2";
				TEST_TARGET_NAME = Gofer;
			};
			name = Release;
		};
/* End XCBuildConfiguration section */

/* Begin XCConfigurationList section */
		AB530BDB2EB3C6D000D195BF /* Build configuration list for PBXProject "Gofer" */ = {
			isa = XCConfigurationList;
			buildConfigurations = (
				AB530BFF2EB3C6D200D195BF /* Debug */,
				AB530C002EB3C6D200D195BF /* Release */,
			);
			defaultConfigurationIsVisible = 0;
			defaultConfigurationName = Release;
		};
		AB530C012EB3C6D200D195BF /* Build configuration list for PBXNativeTarget "Gofer" */ = {
			isa = XCConfigurationList;
			buildConfigurations = (
				AB530C022EB3C6D200D195BF /* Debug */,
				AB530C032EB3C6D200D195BF /* Release */,
			);
			defaultConfigurationIsVisible = 0;
			defaultConfigurationName = Release;
		};
		AB530C042EB3C6D200D195BF /* Build configuration list for PBXNativeTarget "GoferTests" */ = {
			isa = XCConfigurationList;
			buildConfigurations = (
				AB530C052EB3C6D200D195BF /* Debug */,
				AB530C062EB3C6D200D195BF /* Release */,
			);
			defaultConfigurationIsVisible = 0;
			defaultConfigurationName = Release;
		};
		AB530C072EB3C6D200D195BF /* Build configuration list for PBXNativeTarget "GoferUITests" */ = {
			isa = XCConfigurationList;
			buildConfigurations = (
				AB530C082EB3C6D200D195BF /* Debug */,
				AB530C092EB3C6D200D195BF /* Release */,
			);
			defaultConfigurationIsVisible = 0;
			defaultConfigurationName = Release;
		};
/* End XCConfigurationList section */

/* Begin XCRemoteSwiftPackageReference section */
		AB530C102EB3CCC400D195BF /* XCRemoteSwiftPackageReference "Factory" */ = {
			isa = XCRemoteSwiftPackageReference;
			repositoryURL = "https://github.com/hmlongco/Factory.git";
			requirement = {
				kind = upToNextMajorVersion;
				minimumVersion = 2.5.3;
			};
		};
/* End XCRemoteSwiftPackageReference section */

/* Begin XCSwiftPackageProductDependency section */
		AB530C112EB3CCC400D195BF /* Factory */ = {
			isa = XCSwiftPackageProductDependency;
			package = AB530C102EB3CCC400D195BF /* XCRemoteSwiftPackageReference "Factory" */;
			productName = Factory;
		};
		AB530C1A2EB3D72000D195BF /* FactoryKit */ = {
			isa = XCSwiftPackageProductDependency;
			package = AB530C102EB3CCC400D195BF /* XCRemoteSwiftPackageReference "Factory" */;
			productName = FactoryKit;
		};
/* End XCSwiftPackageProductDependency section */
	};
	rootObject = AB530BD82EB3C6D000D195BF /* Project object */;
}
